
Microsoft Visual Studio Solution File, Format Version 12.00
# Visual Studio Version 17
VisualStudioVersion = 17.9.34701.34
MinimumVisualStudioVersion = 10.0.40219.1
Project("{FAE04EC0-301F-11D3-BF4B-00C04F79EFBC}") = "TaskAPI", "TaskAPI\TaskAPI.csproj", "{808F4DBE-93F8-4736-A1EB-BC5414EEBD59}"
EndProject
Global
	GlobalSection(SolutionConfigurationPlatforms) = preSolution
		Debug|Any CPU = Debug|Any CPU
		Release|Any CPU = Release|Any CPU
	EndGlobalSection
	GlobalSection(ProjectConfigurationPlatforms) = postSolution
		{808F4DBE-93F8-4736-A1EB-BC5414EEBD59}.Debug|Any CPU.ActiveCfg = Debug|Any CPU
		{808F4DBE-93F8-4736-A1EB-BC5414EEBD59}.Debug|Any CPU.Build.0 = Debug|Any CPU
		{808F4DBE-93F8-4736-A1EB-BC5414EEBD59}.Release|Any CPU.ActiveCfg = Release|Any CPU
		{808F4DBE-93F8-4736-A1EB-BC5414EEBD59}.Release|Any CPU.Build.0 = Release|Any CPU
	EndGlobalSection
	GlobalSection(SolutionProperties) = preSolution
		HideSolutionNode = FALSE
	EndGlobalSection
	GlobalSection(ExtensibilityGlobals) = postSolution
		SolutionGuid = {B9531F98-1F03-4F8B-9365-4244DD5367C8}
	EndGlobalSection
EndGlobal
